// !$*UTF8*$!
{
	archiveVersion = 1;
	classes = {
	};
	objectVersion = 46;
	objects = {

/* Begin PBXBuildFile section */
		3A3ACB3A1BB689BD00A09A0A /* main.m in Sources */ = {isa = PBXBuildFile; fileRef = 3A3ACB391BB689BD00A09A0A /* main.m */; };
		3A3ACB4B1BB68A4000A09A0A /* Apple.m in Sources */ = {isa = PBXBuildFile; fileRef = 3A3ACB411BB68A4000A09A0A /* Apple.m */; };
		3A3ACB4C1BB68A4000A09A0A /* Banan.m in Sources */ = {isa = PBXBuildFile; fileRef = 3A3ACB431BB68A4000A09A0A /* Banan.m */; };
		3A3ACB4D1BB68A4000A09A0A /* Bascket.m in Sources */ = {isa = PBXBuildFile; fileRef = 3A3ACB451BB68A4000A09A0A /* Bascket.m */; };
		3A3ACB4E1BB68A4000A09A0A /* Iterator.m in Sources */ = {isa = PBXBuildFile; fileRef = 3A3ACB481BB68A4000A09A0A /* Iterator.m */; };
		3A3ACB4F1BB68A4000A09A0A /* Orange.m in Sources */ = {isa = PBXBuildFile; fileRef = 3A3ACB4A1BB68A4000A09A0A /* Orange.m */; };
		3A3ACB591BB68B4E00A09A0A /* Test.m in Sources */ = {isa = PBXBuildFile; fileRef = 3A3ACB581BB68B4E00A09A0A /* Test.m */; };
		3A3ACB5D1BB68CBA00A09A0A /* Apple.h in Sources */ = {isa = PBXBuildFile; fileRef = 3A3ACB401BB68A4000A09A0A /* Apple.h */; };
		3A3ACB5E1BB68CBA00A09A0A /* Apple.m in Sources */ = {isa = PBXBuildFile; fileRef = 3A3ACB411BB68A4000A09A0A /* Apple.m */; };
		3A3ACB5F1BB68CBA00A09A0A /* Banan.h in Sources */ = {isa = PBXBuildFile; fileRef = 3A3ACB421BB68A4000A09A0A /* Banan.h */; };
		3A3ACB601BB68CBA00A09A0A /* Banan.m in Sources */ = {isa = PBXBuildFile; fileRef = 3A3ACB431BB68A4000A09A0A /* Banan.m */; };
		3A3ACB611BB68CBA00A09A0A /* Bascket.h in Sources */ = {isa = PBXBuildFile; fileRef = 3A3ACB441BB68A4000A09A0A /* Bascket.h */; };
		3A3ACB621BB68CBA00A09A0A /* Bascket.m in Sources */ = {isa = PBXBuildFile; fileRef = 3A3ACB451BB68A4000A09A0A /* Bascket.m */; };
		3A3ACB631BB68CBA00A09A0A /* Fruit.h in Sources */ = {isa = PBXBuildFile; fileRef = 3A3ACB461BB68A4000A09A0A /* Fruit.h */; };
		3A3ACB641BB68CBA00A09A0A /* Iterator.h in Sources */ = {isa = PBXBuildFile; fileRef = 3A3ACB471BB68A4000A09A0A /* Iterator.h */; };
		3A3ACB651BB68CBA00A09A0A /* Iterator.m in Sources */ = {isa = PBXBuildFile; fileRef = 3A3ACB481BB68A4000A09A0A /* Iterator.m */; };
		3A3ACB661BB68CBA00A09A0A /* Orange.h in Sources */ = {isa = PBXBuildFile; fileRef = 3A3ACB491BB68A4000A09A0A /* Orange.h */; };
		3A3ACB671BB68CBA00A09A0A /* Orange.m in Sources */ = {isa = PBXBuildFile; fileRef = 3A3ACB4A1BB68A4000A09A0A /* Orange.m */; };
		3A3ACB681BB68CBA00A09A0A /* main.m in Sources */ = {isa = PBXBuildFile; fileRef = 3A3ACB391BB689BD00A09A0A /* main.m */; };
/* End PBXBuildFile section */

/* Begin PBXCopyFilesBuildPhase section */
		3A3ACB341BB689BD00A09A0A /* CopyFiles */ = {
			isa = PBXCopyFilesBuildPhase;
			buildActionMask = 2147483647;
			dstPath = /usr/share/man/man1/;
			dstSubfolderSpec = 0;
			files = (
			);
			runOnlyForDeploymentPostprocessing = 1;
		};
/* End PBXCopyFilesBuildPhase section */

/* Begin PBXFileReference section */
		3A3ACB361BB689BD00A09A0A /* Lab2 */ = {isa = PBXFileReference; explicitFileType = "compiled.mach-o.executable"; includeInIndex = 0; path = Lab2; sourceTree = BUILT_PRODUCTS_DIR; };
		3A3ACB391BB689BD00A09A0A /* main.m */ = {isa = PBXFileReference; lastKnownFileType = sourcecode.c.objc; path = main.m; sourceTree = "<group>"; };
		3A3ACB401BB68A4000A09A0A /* Apple.h */ = {isa = PBXFileReference; fileEncoding = 4; lastKnownFileType = sourcecode.c.h; path = Apple.h; sourceTree = "<group>"; };
		3A3ACB411BB68A4000A09A0A /* Apple.m */ = {isa = PBXFileReference; fileEncoding = 4; lastKnownFileType = sourcecode.c.objc; path = Apple.m; sourceTree = "<group>"; };
		3A3ACB421BB68A4000A09A0A /* Banan.h */ = {isa = PBXFileReference; fileEncoding = 4; lastKnownFileType = sourcecode.c.h; path = Banan.h; sourceTree = "<group>"; };
		3A3ACB431BB68A4000A09A0A /* Banan.m */ = {isa = PBXFileReference; fileEncoding = 4; lastKnownFileType = sourcecode.c.objc; path = Banan.m; sourceTree = "<group>"; };
		3A3ACB441BB68A4000A09A0A /* Bascket.h */ = {isa = PBXFileReference; fileEncoding = 4; lastKnownFileType = sourcecode.c.h; path = Bascket.h; sourceTree = "<group>"; };
		3A3ACB451BB68A4000A09A0A /* Bascket.m */ = {isa = PBXFileReference; fileEncoding = 4; lastKnownFileType = sourcecode.c.objc; path = Bascket.m; sourceTree = "<group>"; };
		3A3ACB461BB68A4000A09A0A /* Fruit.h */ = {isa = PBXFileReference; fileEncoding = 4; lastKnownFileType = sourcecode.c.h; path = Fruit.h; sourceTree = "<group>"; };
		3A3ACB471BB68A4000A09A0A /* Iterator.h */ = {isa = PBXFileReference; fileEncoding = 4; lastKnownFileType = sourcecode.c.h; path = Iterator.h; sourceTree = "<group>"; };
		3A3ACB481BB68A4000A09A0A /* Iterator.m */ = {isa = PBXFileReference; fileEncoding = 4; lastKnownFileType = sourcecode.c.objc; path = Iterator.m; sourceTree = "<group>"; };
		3A3ACB491BB68A4000A09A0A /* Orange.h */ = {isa = PBXFileReference; fileEncoding = 4; lastKnownFileType = sourcecode.c.h; path = Orange.h; sourceTree = "<group>"; };
		3A3ACB4A1BB68A4000A09A0A /* Orange.m */ = {isa = PBXFileReference; fileEncoding = 4; lastKnownFileType = sourcecode.c.objc; path = Orange.m; sourceTree = "<group>"; };
		3A3ACB541BB68B4E00A09A0A /* Test.xctest */ = {isa = PBXFileReference; explicitFileType = wrapper.cfbundle; includeInIndex = 0; path = Test.xctest; sourceTree = BUILT_PRODUCTS_DIR; };
		3A3ACB571BB68B4E00A09A0A /* Info.plist */ = {isa = PBXFileReference; lastKnownFileType = text.plist.xml; path = Info.plist; sourceTree = "<group>"; };
		3A3ACB581BB68B4E00A09A0A /* Test.m */ = {isa = PBXFileReference; lastKnownFileType = sourcecode.c.objc; path = Test.m; sourceTree = "<group>"; };
/* End PBXFileReference section */

/* Begin PBXFrameworksBuildPhase section */
		3A3ACB331BB689BD00A09A0A /* Frameworks */ = {
			isa = PBXFrameworksBuildPhase;
			buildActionMask = 2147483647;
			files = (
			);
			runOnlyForDeploymentPostprocessing = 0;
		};
		3A3ACB511BB68B4E00A09A0A /* Frameworks */ = {
			isa = PBXFrameworksBuildPhase;
			buildActionMask = 2147483647;
			files = (
			);
			runOnlyForDeploymentPostprocessing = 0;
		};
/* End PBXFrameworksBuildPhase section */

/* Begin PBXGroup section */
		3A3ACB2D1BB689BD00A09A0A = {
			isa = PBXGroup;
			children = (
				3A3ACB381BB689BD00A09A0A /* Lab2 */,
				3A3ACB551BB68B4E00A09A0A /* Test */,
				3A3ACB371BB689BD00A09A0A /* Products */,
			);
			sourceTree = "<group>";
		};
		3A3ACB371BB689BD00A09A0A /* Products */ = {
			isa = PBXGroup;
			children = (
				3A3ACB361BB689BD00A09A0A /* Lab2 */,
				3A3ACB541BB68B4E00A09A0A /* Test.xctest */,
			);
			name = Products;
			sourceTree = "<group>";
		};
		3A3ACB381BB689BD00A09A0A /* Lab2 */ = {
			isa = PBXGroup;
			children = (
				3A3ACB401BB68A4000A09A0A /* Apple.h */,
				3A3ACB411BB68A4000A09A0A /* Apple.m */,
				3A3ACB421BB68A4000A09A0A /* Banan.h */,
				3A3ACB431BB68A4000A09A0A /* Banan.m */,
				3A3ACB441BB68A4000A09A0A /* Bascket.h */,
				3A3ACB451BB68A4000A09A0A /* Bascket.m */,
				3A3ACB461BB68A4000A09A0A /* Fruit.h */,
				3A3ACB471BB68A4000A09A0A /* Iterator.h */,
				3A3ACB481BB68A4000A09A0A /* Iterator.m */,
				3A3ACB491BB68A4000A09A0A /* Orange.h */,
				3A3ACB4A1BB68A4000A09A0A /* Orange.m */,
				3A3ACB391BB689BD00A09A0A /* main.m */,
			);
			path = Lab2;
			sourceTree = "<group>";
		};
		3A3ACB551BB68B4E00A09A0A /* Test */ = {
			isa = PBXGroup;
			children = (
				3A3ACB581BB68B4E00A09A0A /* Test.m */,
				3A3ACB561BB68B4E00A09A0A /* Supporting Files */,
			);
			path = Test;
			sourceTree = "<group>";
		};
		3A3ACB561BB68B4E00A09A0A /* Supporting Files */ = {
			isa = PBXGroup;
			children = (
				3A3ACB571BB68B4E00A09A0A /* Info.plist */,
			);
			name = "Supporting Files";
			sourceTree = "<group>";
		};
/* End PBXGroup section */

/* Begin PBXNativeTarget section */
		3A3ACB351BB689BD00A09A0A /* Lab2 */ = {
			isa = PBXNativeTarget;
			buildConfigurationList = 3A3ACB3D1BB689BD00A09A0A /* Build configuration list for PBXNativeTarget "Lab2" */;
			buildPhases = (
				3A3ACB321BB689BD00A09A0A /* Sources */,
				3A3ACB331BB689BD00A09A0A /* Frameworks */,
				3A3ACB341BB689BD00A09A0A /* CopyFiles */,
			);
			buildRules = (
			);
			dependencies = (
			);
			name = Lab2;
			productName = Lab2;
			productReference = 3A3ACB361BB689BD00A09A0A /* Lab2 */;
			productType = "com.apple.product-type.tool";
		};
		3A3ACB531BB68B4E00A09A0A /* Test */ = {
			isa = PBXNativeTarget;
			buildConfigurationList = 3A3ACB5A1BB68B4E00A09A0A /* Build configuration list for PBXNativeTarget "Test" */;
			buildPhases = (
				3A3ACB501BB68B4E00A09A0A /* Sources */,
				3A3ACB511BB68B4E00A09A0A /* Frameworks */,
				3A3ACB521BB68B4E00A09A0A /* Resources */,
			);
			buildRules = (
			);
			dependencies = (
			);
			name = Test;
			productName = Test;
			productReference = 3A3ACB541BB68B4E00A09A0A /* Test.xctest */;
			productType = "com.apple.product-type.bundle.unit-test";
		};
/* End PBXNativeTarget section */

/* Begin PBXProject section */
		3A3ACB2E1BB689BD00A09A0A /* Project object */ = {
			isa = PBXProject;
			attributes = {
				LastUpgradeCheck = 0640;
				ORGANIZATIONNAME = "Anton Skutov";
				TargetAttributes = {
					3A3ACB351BB689BD00A09A0A = {
						CreatedOnToolsVersion = 6.4;
					};
					3A3ACB531BB68B4E00A09A0A = {
						CreatedOnToolsVersion = 6.4;
					};
				};
			};
			buildConfigurationList = 3A3ACB311BB689BD00A09A0A /* Build configuration list for PBXProject "Lab2" */;
			compatibilityVersion = "Xcode 3.2";
			developmentRegion = English;
			hasScannedForEncodings = 0;
			knownRegions = (
				en,
			);
			mainGroup = 3A3ACB2D1BB689BD00A09A0A;
			productRefGroup = 3A3ACB371BB689BD00A09A0A /* Products */;
			projectDirPath = "";
			projectRoot = "";
			targets = (
				3A3ACB351BB689BD00A09A0A /* Lab2 */,
				3A3ACB531BB68B4E00A09A0A /* Test */,
			);
		};
/* End PBXProject section */

/* Begin PBXResourcesBuildPhase section */
		3A3ACB521BB68B4E00A09A0A /* Resources */ = {
			isa = PBXResourcesBuildPhase;
			buildActionMask = 2147483647;
			files = (
			);
			runOnlyForDeploymentPostprocessing = 0;
		};
/* End PBXResourcesBuildPhase section */

/* Begin PBXSourcesBuildPhase section */
		3A3ACB321BB689BD00A09A0A /* Sources */ = {
			isa = PBXSourcesBuildPhase;
			buildActionMask = 2147483647;
			files = (
				3A3ACB4E1BB68A4000A09A0A /* Iterator.m in Sources */,
				3A3ACB4F1BB68A4000A09A0A /* Orange.m in Sources */,
				3A3ACB4C1BB68A4000A09A0A /* Banan.m in Sources */,
				3A3ACB4D1BB68A4000A09A0A /* Bascket.m in Sources */,
				3A3ACB4B1BB68A4000A09A0A /* Apple.m in Sources */,
				3A3ACB3A1BB689BD00A09A0A /* main.m in Sources */,
			);
			runOnlyForDeploymentPostprocessing = 0;
		};
		3A3ACB501BB68B4E00A09A0A /* Sources */ = {
			isa = PBXSourcesBuildPhase;
			buildActionMask = 2147483647;
			files = (
				3A3ACB5D1BB68CBA00A09A0A /* Apple.h in Sources */,
				3A3ACB5E1BB68CBA00A09A0A /* Apple.m in Sources */,
				3A3ACB5F1BB68CBA00A09A0A /* Banan.h in Sources */,
				3A3ACB601BB68CBA00A09A0A /* Banan.m in Sources */,
				3A3ACB611BB68CBA00A09A0A /* Bascket.h in Sources */,
				3A3ACB621BB68CBA00A09A0A /* Bascket.m in Sources */,
				3A3ACB631BB68CBA00A09A0A /* Fruit.h in Sources */,
				3A3ACB641BB68CBA00A09A0A /* Iterator.h in Sources */,
				3A3ACB651BB68CBA00A09A0A /* Iterator.m in Sources */,
				3A3ACB661BB68CBA00A09A0A /* Orange.h in Sources */,
				3A3ACB671BB68CBA00A09A0A /* Orange.m in Sources */,
				3A3ACB681BB68CBA00A09A0A /* main.m in Sources */,
				3A3ACB591BB68B4E00A09A0A /* Test.m in Sources */,
			);
			runOnlyForDeploymentPostprocessing = 0;
		};
/* End PBXSourcesBuildPhase section */

/* Begin XCBuildConfiguration section */
		3A3ACB3B1BB689BD00A09A0A /* Debug */ = {
			isa = XCBuildConfiguration;
			buildSettings = {
				ALWAYS_SEARCH_USER_PATHS = NO;
				CLANG_CXX_LANGUAGE_STANDARD = "gnu++0x";
				CLANG_CXX_LIBRARY = "libc++";
				CLANG_ENABLE_MODULES = YES;
				CLANG_ENABLE_OBJC_ARC = YES;
				CLANG_WARN_BOOL_CONVERSION = YES;
				CLANG_WARN_CONSTANT_CONVERSION = YES;
				CLANG_WARN_DIRECT_OBJC_ISA_USAGE = YES_ERROR;
				CLANG_WARN_EMPTY_BODY = YES;
				CLANG_WARN_ENUM_CONVERSION = YES;
				CLANG_WARN_INT_CONVERSION = YES;
				CLANG_WARN_OBJC_ROOT_CLASS = YES_ERROR;
				CLANG_WARN_UNREACHABLE_CODE = YES;
				CLANG_WARN__DUPLICATE_METHOD_MATCH = YES;
				COPY_PHASE_STRIP = NO;
				DEBUG_INFORMATION_FORMAT = dwarf;
				ENABLE_STRICT_OBJC_MSGSEND = YES;
				GCC_C_LANGUAGE_STANDARD = gnu99;
				GCC_DYNAMIC_NO_PIC = NO;
				GCC_NO_COMMON_BLOCKS = YES;
				GCC_OPTIMIZATION_LEVEL = 0;
				GCC_PREPROCESSOR_DEFINITIONS = (
					"DEBUG=1",
					"$(inherited)",
				);
				GCC_SYMBOLS_PRIVATE_EXTERN = NO;
				GCC_WARN_64_TO_32_BIT_CONVERSION = YES;
				GCC_WARN_ABOUT_RETURN_TYPE = YES_ERROR;
				GCC_WARN_UNDECLARED_SELECTOR = YES;
				GCC_WARN_UNINITIALIZED_AUTOS = YES_AGGRESSIVE;
				GCC_WARN_UNUSED_FUNCTION = YES;
				GCC_WARN_UNUSED_VARIABLE = YES;
				MACOSX_DEPLOYMENT_TARGET = 10.10;
				MTL_ENABLE_DEBUG_INFO = YES;
				ONLY_ACTIVE_ARCH = YES;
				SDKROOT = macosx;
			};
			name = Debug;
		};
		3A3ACB3C1BB689BD00A09A0A /* Release */ = {
			isa = XCBuildConfiguration;
			buildSettings = {
				ALWAYS_SEARCH_USER_PATHS = NO;
				CLANG_CXX_LANGUAGE_STANDARD = "gnu++0x";
				CLANG_CXX_LIBRARY = "libc++";
				CLANG_ENABLE_MODULES = YES;
				CLANG_ENABLE_OBJC_ARC = YES;
				CLANG_WARN_BOOL_CONVERSION = YES;
				CLANG_WARN_CONSTANT_CONVERSION = YES;
				CLANG_WARN_DIRECT_OBJC_ISA_USAGE = YES_ERROR;
				CLANG_WARN_EMPTY_BODY = YES;
				CLANG_WARN_ENUM_CONVERSION = YES;
				CLANG_WARN_INT_CONVERSION = YES;
				CLANG_WARN_OBJC_ROOT_CLASS = YES_ERROR;
				CLANG_WARN_UNREACHABLE_CODE = YES;
				CLANG_WARN__DUPLICATE_METHOD_MATCH = YES;
				COPY_PHASE_STRIP = NO;
				DEBUG_INFORMATION_FORMAT = "dwarf-with-dsym";
				ENABLE_NS_ASSERTIONS = NO;
				ENABLE_STRICT_OBJC_MSGSEND = YES;
				GCC_C_LANGUAGE_STANDARD = gnu99;
				GCC_NO_COMMON_BLOCKS = YES;
				GCC_WARN_64_TO_32_BIT_CONVERSION = YES;
				GCC_WARN_ABOUT_RETURN_TYPE = YES_ERROR;
				GCC_WARN_UNDECLARED_SELECTOR = YES;
				GCC_WARN_UNINITIALIZED_AUTOS = YES_AGGRESSIVE;
				GCC_WARN_UNUSED_FUNCTION = YES;
				GCC_WARN_UNUSED_VARIABLE = YES;
				MACOSX_DEPLOYMENT_TARGET = 10.10;
				MTL_ENABLE_DEBUG_INFO = NO;
				SDKROOT = macosx;
			};
			name = Release;
		};
		3A3ACB3E1BB689BD00A09A0A /* Debug */ = {
			isa = XCBuildConfiguration;
			buildSettings = {
				PRODUCT_NAME = "$(TARGET_NAME)";
			};
			name = Debug;
		};
		3A3ACB3F1BB689BD00A09A0A /* Release */ = {
			isa = XCBuildConfiguration;
			buildSettings = {
				PRODUCT_NAME = "$(TARGET_NAME)";
			};
			name = Release;
		};
		3A3ACB5B1BB68B4E00A09A0A /* Debug */ = {
			isa = XCBuildConfiguration;
			buildSettings = {
				COMBINE_HIDPI_IMAGES = YES;
				FRAMEWORK_SEARCH_PATHS = (
					"$(DEVELOPER_FRAMEWORKS_DIR)",
					"$(inherited)",
				);
				GCC_PREPROCESSOR_DEFINITIONS = (
					"DEBUG=1",
					"$(inherited)",
				);
				INFOPLIST_FILE = Test/Info.plist;
				LD_RUNPATH_SEARCH_PATHS = "$(inherited) @executable_path/../Frameworks @loader_path/../Frameworks";
				PRODUCT_NAME = "$(TARGET_NAME)";
			};
			name = Debug;
		};
		3A3ACB5C1BB68B4E00A09A0A /* Release */ = {
			isa = XCBuildConfiguration;
			buildSettings = {
				COMBINE_HIDPI_IMAGES = YES;
				FRAMEWORK_SEARCH_PATHS = (
					"$(DEVELOPER_FRAMEWORKS_DIR)",
					"$(inherited)",
				);
				INFOPLIST_FILE = Test/Info.plist;
				LD_RUNPATH_SEARCH_PATHS = "$(inherited) @executable_path/../Frameworks @loader_path/../Frameworks";
				PRODUCT_NAME = "$(TARGET_NAME)";
			};
			name = Release;
		};
/* End XCBuildConfiguration section */

/* Begin XCConfigurationList section */
		3A3ACB311BB689BD00A09A0A /* Build configuration list for PBXProject "Lab2" */ = {
			isa = XCConfigurationList;
			buildConfigurations = (
				3A3ACB3B1BB689BD00A09A0A /* Debug */,
				3A3ACB3C1BB689BD00A09A0A /* Release */,
			);
			defaultConfigurationIsVisible = 0;
			defaultConfigurationName = Release;
		};
		3A3ACB3D1BB689BD00A09A0A /* Build configuration list for PBXNativeTarget "Lab2" */ = {
			isa = XCConfigurationList;
			buildConfigurations = (
				3A3ACB3E1BB689BD00A09A0A /* Debug */,
				3A3ACB3F1BB689BD00A09A0A /* Release */,
			);
			defaultConfigurationIsVisible = 0;
			defaultConfigurationName = Release;
		};
		3A3ACB5A1BB68B4E00A09A0A /* Build configuration list for PBXNativeTarget "Test" */ = {
			isa = XCConfigurationList;
			buildConfigurations = (
				3A3ACB5B1BB68B4E00A09A0A /* Debug */,
				3A3ACB5C1BB68B4E00A09A0A /* Release */,
			);
			defaultConfigurationIsVisible = 0;
		};
/* End XCConfigurationList section */
	};
	rootObject = 3A3ACB2E1BB689BD00A09A0A /* Project object */;
}
